
Microsoft Visual Studio Solution File, Format Version 12.00
# Visual Studio 15
VisualStudioVersion = 15.0.26730.15
MinimumVisualStudioVersion = 10.0.40219.1
Project("{FAE04EC0-301F-11D3-BF4B-00C04F79EFBC}") = "ArtisanPOS.WebPortal", "ArtisanPOS.WebPortal\ArtisanPOS.WebPortal.csproj", "{61A4A64C-438F-4B14-A70B-6C0D314371C1}"
EndProject
Global
	GlobalSection(SolutionConfigurationPlatforms) = preSolution
		Debug|Any CPU = Debug|Any CPU
		Release|Any CPU = Release|Any CPU
	EndGlobalSection
	GlobalSection(ProjectConfigurationPlatforms) = postSolution
		{61A4A64C-438F-4B14-A70B-6C0D314371C1}.Debug|Any CPU.ActiveCfg = Debug|Any CPU
		{61A4A64C-438F-4B14-A70B-6C0D314371C1}.Debug|Any CPU.Build.0 = Debug|Any CPU
		{61A4A64C-438F-4B14-A70B-6C0D314371C1}.Release|Any CPU.ActiveCfg = Release|Any CPU
		{61A4A64C-438F-4B14-A70B-6C0D314371C1}.Release|Any CPU.Build.0 = Release|Any CPU
	EndGlobalSection
	GlobalSection(SolutionProperties) = preSolution
		HideSolutionNode = FALSE
	EndGlobalSection
	GlobalSection(ExtensibilityGlobals) = postSolution
		SolutionGuid = {815E2800-8A3A-4615-8918-18425DEA5B01}
	EndGlobalSection
EndGlobal
